// !$*UTF8*$!
{
	archiveVersion = 1;
	classes = {
	};
	objectVersion = 56;
	objects = {

/* Begin PBXBuildFile section */
		F00027BE29B880EA008292E9 /* main.cpp in Sources */ = {isa = PBXBuildFile; fileRef = F00027BD29B880EA008292E9 /* main.cpp */; };
		F01EEF0329BCED7400E8B299 /* Library.cpp in Sources */ = {isa = PBXBuildFile; fileRef = F01EEF0129BCED7400E8B299 /* Library.cpp */; };
		F057EC5329B8B49C0092C62C /* Book.cpp in Sources */ = {isa = PBXBuildFile; fileRef = F057EC5129B8B49C0092C62C /* Book.cpp */; };
		F0BCF89529C1B815008ECD55 /* ScientificBook.cpp in Sources */ = {isa = PBXBuildFile; fileRef = F0BCF89329C1B815008ECD55 /* ScientificBook.cpp */; };
/* End PBXBuildFile section */

/* Begin PBXCopyFilesBuildPhase section */
		F00027B829B880EA008292E9 /* CopyFiles */ = {
			isa = PBXCopyFilesBuildPhase;
			buildActionMask = 2147483647;
			dstPath = /usr/share/man/man1/;
			dstSubfolderSpec = 0;
			files = (
			);
			runOnlyForDeploymentPostprocessing = 1;
		};
/* End PBXCopyFilesBuildPhase section */

/* Begin PBXFileReference section */
		F00027BA29B880EA008292E9 /* Lab_PO_2 */ = {isa = PBXFileReference; explicitFileType = "compiled.mach-o.executable"; includeInIndex = 0; path = Lab_PO_2; sourceTree = BUILT_PRODUCTS_DIR; };
		F00027BD29B880EA008292E9 /* main.cpp */ = {isa = PBXFileReference; lastKnownFileType = sourcecode.cpp.cpp; path = main.cpp; sourceTree = "<group>"; };
		F01EEF0029BCED6900E8B299 /* Library.h */ = {isa = PBXFileReference; lastKnownFileType = sourcecode.c.h; path = Library.h; sourceTree = "<group>"; };
		F01EEF0129BCED7400E8B299 /* Library.cpp */ = {isa = PBXFileReference; lastKnownFileType = sourcecode.cpp.cpp; path = Library.cpp; sourceTree = "<group>"; };
		F057EC5129B8B49C0092C62C /* Book.cpp */ = {isa = PBXFileReference; lastKnownFileType = sourcecode.cpp.cpp; path = Book.cpp; sourceTree = "<group>"; };
		F057EC5429B8B4A80092C62C /* Book.h */ = {isa = PBXFileReference; lastKnownFileType = sourcecode.c.h; path = Book.h; sourceTree = "<group>"; };
		F0BCF89329C1B815008ECD55 /* ScientificBook.cpp */ = {isa = PBXFileReference; lastKnownFileType = sourcecode.cpp.cpp; path = ScientificBook.cpp; sourceTree = "<group>"; };
		F0BCF89629C1B832008ECD55 /* ScientificBook.h */ = {isa = PBXFileReference; lastKnownFileType = sourcecode.c.h; path = ScientificBook.h; sourceTree = "<group>"; };
/* End PBXFileReference section */

/* Begin PBXFrameworksBuildPhase section */
		F00027B729B880EA008292E9 /* Frameworks */ = {
			isa = PBXFrameworksBuildPhase;
			buildActionMask = 2147483647;
			files = (
			);
			runOnlyForDeploymentPostprocessing = 0;
		};
/* End PBXFrameworksBuildPhase section */

/* Begin PBXGroup section */
		F00027B129B880EA008292E9 = {
			isa = PBXGroup;
			children = (
				F00027BC29B880EA008292E9 /* Lab_PO_2 */,
				F00027BB29B880EA008292E9 /* Products */,
			);
			sourceTree = "<group>";
		};
		F00027BB29B880EA008292E9 /* Products */ = {
			isa = PBXGroup;
			children = (
				F00027BA29B880EA008292E9 /* Lab_PO_2 */,
			);
			name = Products;
			sourceTree = "<group>";
		};
		F00027BC29B880EA008292E9 /* Lab_PO_2 */ = {
			isa = PBXGroup;
			children = (
				F00027BD29B880EA008292E9 /* main.cpp */,
				F057EC5129B8B49C0092C62C /* Book.cpp */,
				F057EC5429B8B4A80092C62C /* Book.h */,
				F01EEF0029BCED6900E8B299 /* Library.h */,
				F01EEF0129BCED7400E8B299 /* Library.cpp */,
				F0BCF89329C1B815008ECD55 /* ScientificBook.cpp */,
				F0BCF89629C1B832008ECD55 /* ScientificBook.h */,
			);
			path = Lab_PO_2;
			sourceTree = "<group>";
		};
/* End PBXGroup section */

/* Begin PBXNativeTarget section */
		F00027B929B880EA008292E9 /* Lab_PO_2 */ = {
			isa = PBXNativeTarget;
			buildConfigurationList = F00027C129B880EA008292E9 /* Build configuration list for PBXNativeTarget "Lab_PO_2" */;
			buildPhases = (
				F00027B629B880EA008292E9 /* Sources */,
				F00027B729B880EA008292E9 /* Frameworks */,
				F00027B829B880EA008292E9 /* CopyFiles */,
			);
			buildRules = (
			);
			dependencies = (
			);
			name = Lab_PO_2;
			productName = Lab_PO_2;
			productReference = F00027BA29B880EA008292E9 /* Lab_PO_2 */;
			productType = "com.apple.product-type.tool";
		};
/* End PBXNativeTarget section */

/* Begin PBXProject section */
		F00027B229B880EA008292E9 /* Project object */ = {
			isa = PBXProject;
			attributes = {
				BuildIndependentTargetsInParallel = 1;
				LastUpgradeCheck = 1420;
				TargetAttributes = {
					F00027B929B880EA008292E9 = {
						CreatedOnToolsVersion = 14.2;
					};
				};
			};
			buildConfigurationList = F00027B529B880EA008292E9 /* Build configuration list for PBXProject "Lab_PO_2" */;
			compatibilityVersion = "Xcode 14.0";
			developmentRegion = en;
			hasScannedForEncodings = 0;
			knownRegions = (
				en,
				Base,
			);
			mainGroup = F00027B129B880EA008292E9;
			productRefGroup = F00027BB29B880EA008292E9 /* Products */;
			projectDirPath = "";
			projectRoot = "";
			targets = (
				F00027B929B880EA008292E9 /* Lab_PO_2 */,
			);
		};
/* End PBXProject section */

/* Begin PBXSourcesBuildPhase section */
		F00027B629B880EA008292E9 /* Sources */ = {
			isa = PBXSourcesBuildPhase;
			buildActionMask = 2147483647;
			files = (
				F057EC5329B8B49C0092C62C /* Book.cpp in Sources */,
				F01EEF0329BCED7400E8B299 /* Library.cpp in Sources */,
				F00027BE29B880EA008292E9 /* main.cpp in Sources */,
				F0BCF89529C1B815008ECD55 /* ScientificBook.cpp in Sources */,
			);
			runOnlyForDeploymentPostprocessing = 0;
		};
/* End PBXSourcesBuildPhase section */

/* Begin XCBuildConfiguration section */
		F00027BF29B880EA008292E9 /* Debug */ = {
			isa = XCBuildConfiguration;
			buildSettings = {
				ALWAYS_SEARCH_USER_PATHS = NO;
				CLANG_ANALYZER_NONNULL = YES;
				CLANG_ANALYZER_NUMBER_OBJECT_CONVERSION = YES_AGGRESSIVE;
				CLANG_CXX_LANGUAGE_STANDARD = "gnu++20";
				CLANG_ENABLE_MODULES = YES;
				CLANG_ENABLE_OBJC_ARC = YES;
				CLANG_ENABLE_OBJC_WEAK = YES;
				CLANG_WARN_BLOCK_CAPTURE_AUTORELEASING = YES;
				CLANG_WARN_BOOL_CONVERSION = YES;
				CLANG_WARN_COMMA = YES;
				CLANG_WARN_CONSTANT_CONVERSION = YES;
				CLANG_WARN_DEPRECATED_OBJC_IMPLEMENTATIONS = YES;
				CLANG_WARN_DIRECT_OBJC_ISA_USAGE = YES_ERROR;
				CLANG_WARN_DOCUMENTATION_COMMENTS = YES;
				CLANG_WARN_EMPTY_BODY = YES;
				CLANG_WARN_ENUM_CONVERSION = YES;
				CLANG_WARN_INFINITE_RECURSION = YES;
				CLANG_WARN_INT_CONVERSION = YES;
				CLANG_WARN_NON_LITERAL_NULL_CONVERSION = YES;
				CLANG_WARN_OBJC_IMPLICIT_RETAIN_SELF = YES;
				CLANG_WARN_OBJC_LITERAL_CONVERSION = YES;
				CLANG_WARN_OBJC_ROOT_CLASS = YES_ERROR;
				CLANG_WARN_QUOTED_INCLUDE_IN_FRAMEWORK_HEADER = YES;
				CLANG_WARN_RANGE_LOOP_ANALYSIS = YES;
				CLANG_WARN_STRICT_PROTOTYPES = YES;
				CLANG_WARN_SUSPICIOUS_MOVE = YES;
				CLANG_WARN_UNGUARDED_AVAILABILITY = YES_AGGRESSIVE;
				CLANG_WARN_UNREACHABLE_CODE = YES;
				CLANG_WARN__DUPLICATE_METHOD_MATCH = YES;
				COPY_PHASE_STRIP = NO;
				DEBUG_INFORMATION_FORMAT = dwarf;
				ENABLE_STRICT_OBJC_MSGSEND = YES;
				ENABLE_TESTABILITY = YES;
				GCC_C_LANGUAGE_STANDARD = gnu11;
				GCC_DYNAMIC_NO_PIC = NO;
				GCC_NO_COMMON_BLOCKS = YES;
				GCC_OPTIMIZATION_LEVEL = 0;
				GCC_PREPROCESSOR_DEFINITIONS = (
					"DEBUG=1",
					"$(inherited)",
				);
				GCC_WARN_64_TO_32_BIT_CONVERSION = YES;
				GCC_WARN_ABOUT_RETURN_TYPE = YES_ERROR;
				GCC_WARN_UNDECLARED_SELECTOR = YES;
				GCC_WARN_UNINITIALIZED_AUTOS = YES_AGGRESSIVE;
				GCC_WARN_UNUSED_FUNCTION = YES;
				GCC_WARN_UNUSED_VARIABLE = YES;
				MACOSX_DEPLOYMENT_TARGET = 12.5;
				MTL_ENABLE_DEBUG_INFO = INCLUDE_SOURCE;
				MTL_FAST_MATH = YES;
				ONLY_ACTIVE_ARCH = YES;
				SDKROOT = macosx;
			};
			name = Debug;
		};
		F00027C029B880EA008292E9 /* Release */ = {
			isa = XCBuildConfiguration;
			buildSettings = {
				ALWAYS_SEARCH_USER_PATHS = NO;
				CLANG_ANALYZER_NONNULL = YES;
				CLANG_ANALYZER_NUMBER_OBJECT_CONVERSION = YES_AGGRESSIVE;
				CLANG_CXX_LANGUAGE_STANDARD = "gnu++20";
				CLANG_ENABLE_MODULES = YES;
				CLANG_ENABLE_OBJC_ARC = YES;
				CLANG_ENABLE_OBJC_WEAK = YES;
				CLANG_WARN_BLOCK_CAPTURE_AUTORELEASING = YES;
				CLANG_WARN_BOOL_CONVERSION = YES;
				CLANG_WARN_COMMA = YES;
				CLANG_WARN_CONSTANT_CONVERSION = YES;
				CLANG_WARN_DEPRECATED_OBJC_IMPLEMENTATIONS = YES;
				CLANG_WARN_DIRECT_OBJC_ISA_USAGE = YES_ERROR;
				CLANG_WARN_DOCUMENTATION_COMMENTS = YES;
				CLANG_WARN_EMPTY_BODY = YES;
				CLANG_WARN_ENUM_CONVERSION = YES;
				CLANG_WARN_INFINITE_RECURSION = YES;
				CLANG_WARN_INT_CONVERSION = YES;
				CLANG_WARN_NON_LITERAL_NULL_CONVERSION = YES;
				CLANG_WARN_OBJC_IMPLICIT_RETAIN_SELF = YES;
				CLANG_WARN_OBJC_LITERAL_CONVERSION = YES;
				CLANG_WARN_OBJC_ROOT_CLASS = YES_ERROR;
				CLANG_WARN_QUOTED_INCLUDE_IN_FRAMEWORK_HEADER = YES;
				CLANG_WARN_RANGE_LOOP_ANALYSIS = YES;
				CLANG_WARN_STRICT_PROTOTYPES = YES;
				CLANG_WARN_SUSPICIOUS_MOVE = YES;
				CLANG_WARN_UNGUARDED_AVAILABILITY = YES_AGGRESSIVE;
				CLANG_WARN_UNREACHABLE_CODE = YES;
				CLANG_WARN__DUPLICATE_METHOD_MATCH = YES;
				COPY_PHASE_STRIP = NO;
				DEBUG_INFORMATION_FORMAT = "dwarf-with-dsym";
				ENABLE_NS_ASSERTIONS = NO;
				ENABLE_STRICT_OBJC_MSGSEND = YES;
				GCC_C_LANGUAGE_STANDARD = gnu11;
				GCC_NO_COMMON_BLOCKS = YES;
				GCC_WARN_64_TO_32_BIT_CONVERSION = YES;
				GCC_WARN_ABOUT_RETURN_TYPE = YES_ERROR;
				GCC_WARN_UNDECLARED_SELECTOR = YES;
				GCC_WARN_UNINITIALIZED_AUTOS = YES_AGGRESSIVE;
				GCC_WARN_UNUSED_FUNCTION = YES;
				GCC_WARN_UNUSED_VARIABLE = YES;
				MACOSX_DEPLOYMENT_TARGET = 12.5;
				MTL_ENABLE_DEBUG_INFO = NO;
				MTL_FAST_MATH = YES;
				SDKROOT = macosx;
			};
			name = Release;
		};
		F00027C229B880EA008292E9 /* Debug */ = {
			isa = XCBuildConfiguration;
			buildSettings = {
				CODE_SIGN_STYLE = Automatic;
				PRODUCT_NAME = "$(TARGET_NAME)";
			};
			name = Debug;
		};
		F00027C329B880EA008292E9 /* Release */ = {
			isa = XCBuildConfiguration;
			buildSettings = {
				CODE_SIGN_STYLE = Automatic;
				PRODUCT_NAME = "$(TARGET_NAME)";
			};
			name = Release;
		};
/* End XCBuildConfiguration section */

/* Begin XCConfigurationList section */
		F00027B529B880EA008292E9 /* Build configuration list for PBXProject "Lab_PO_2" */ = {
			isa = XCConfigurationList;
			buildConfigurations = (
				F00027BF29B880EA008292E9 /* Debug */,
				F00027C029B880EA008292E9 /* Release */,
			);
			defaultConfigurationIsVisible = 0;
			defaultConfigurationName = Release;
		};
		F00027C129B880EA008292E9 /* Build configuration list for PBXNativeTarget "Lab_PO_2" */ = {
			isa = XCConfigurationList;
			buildConfigurations = (
				F00027C229B880EA008292E9 /* Debug */,
				F00027C329B880EA008292E9 /* Release */,
			);
			defaultConfigurationIsVisible = 0;
			defaultConfigurationName = Release;
		};
/* End XCConfigurationList section */
	};
	rootObject = F00027B229B880EA008292E9 /* Project object */;
}
